{
  "originHash" : "204bd3ea48e6760df692013f62a7fe55c1bd0751e304f405b12d702ea1542ffa",
  "pins" : [
    {
      "identity" : "capacitor-swift-pm",
      "kind" : "remoteSourceControl",
      "location" : "https://github.com/ionic-team/capacitor-swift-pm.git",
      "state" : {
        "revision" : "44ae2505f54a80c5e559533950886d0644fc2fca",
        "version" : "8.4.0"
      }
    }
  ],
  "version" : 3
}
